// !$*UTF8*$!
{
	archiveVersion = 1;
	classes = {
	};
	objectVersion = 56;
	objects = {

/* Begin PBXBuildFile section */
		301D8E492C0CA248001D3335 /* Comment.swift in Sources */ = {isa = PBXBuildFile; fileRef = 301D8E482C0CA248001D3335 /* Comment.swift */; };
		301D8E4B2C0CA2B0001D3335 /* CommentSectionView.swift in Sources */ = {isa = PBXBuildFile; fileRef = 301D8E4A2C0CA2B0001D3335 /* CommentSectionView.swift */; };
		302DDAD82BC866950050AF2A /* LoadingButton in Frameworks */ = {isa = PBXBuildFile; productRef = 302DDAD72BC866950050AF2A /* LoadingButton */; };
		302DDADA2BC866D70050AF2A /* PopperLoadingButton.swift in Sources */ = {isa = PBXBuildFile; fileRef = 302DDAD92BC866D70050AF2A /* PopperLoadingButton.swift */; };
		3038E4082BAC9475004A9720 /* Post.swift in Sources */ = {isa = PBXBuildFile; fileRef = 3038E4072BAC9475004A9720 /* Post.swift */; };
		3038E40D2BAC9558004A9720 /* FeedViewModel.swift in Sources */ = {isa = PBXBuildFile; fileRef = 3038E40C2BAC9558004A9720 /* FeedViewModel.swift */; };
		3038E40F2BAC9EC9004A9720 /* CustomVideoPlayer.swift in Sources */ = {isa = PBXBuildFile; fileRef = 3038E40E2BAC9EC9004A9720 /* CustomVideoPlayer.swift */; };
		303E81E72BBD9C6C00ABFE88 /* LoginView.swift in Sources */ = {isa = PBXBuildFile; fileRef = 303E81E62BBD9C6C00ABFE88 /* LoginView.swift */; };
		303E81E92BBDA79100ABFE88 /* RegisterView.swift in Sources */ = {isa = PBXBuildFile; fileRef = 303E81E82BBDA79100ABFE88 /* RegisterView.swift */; };
		304166082BAB67F300AC1081 /* PopperApp.swift in Sources */ = {isa = PBXBuildFile; fileRef = 304166072BAB67F300AC1081 /* PopperApp.swift */; };
		3041660C2BAB67F400AC1081 /* Assets.xcassets in Resources */ = {isa = PBXBuildFile; fileRef = 3041660B2BAB67F400AC1081 /* Assets.xcassets */; };
		3041660F2BAB67F400AC1081 /* Preview Assets.xcassets in Resources */ = {isa = PBXBuildFile; fileRef = 3041660E2BAB67F400AC1081 /* Preview Assets.xcassets */; };
		3041662C2BAB69D900AC1081 /* MainTabView.swift in Sources */ = {isa = PBXBuildFile; fileRef = 3041662B2BAB69D900AC1081 /* MainTabView.swift */; };
		3043B8ED2BAB716500F30A40 /* FeedCell.swift in Sources */ = {isa = PBXBuildFile; fileRef = 3043B8EC2BAB716500F30A40 /* FeedCell.swift */; };
		3098F09A2BBECD8F004D4D07 /* PopperInputField.swift in Sources */ = {isa = PBXBuildFile; fileRef = 3098F0992BBECD8F004D4D07 /* PopperInputField.swift */; };
		3098F09C2BBECE6F004D4D07 /* PopperSecureField.swift in Sources */ = {isa = PBXBuildFile; fileRef = 3098F09B2BBECE6F004D4D07 /* PopperSecureField.swift */; };
		3098F09E2BBED206004D4D07 /* PopperButton.swift in Sources */ = {isa = PBXBuildFile; fileRef = 3098F09D2BBED206004D4D07 /* PopperButton.swift */; };
		309EC1502C0747BD00B6B4B0 /* UserAPI.swift in Sources */ = {isa = PBXBuildFile; fileRef = 309EC14F2C0747BD00B6B4B0 /* UserAPI.swift */; };
		309EC1552C07604300B6B4B0 /* EditProfileView.swift in Sources */ = {isa = PBXBuildFile; fileRef = 309EC1542C07604300B6B4B0 /* EditProfileView.swift */; };
		309EC1572C07651100B6B4B0 /* UserControl.swift in Sources */ = {isa = PBXBuildFile; fileRef = 309EC1562C07651100B6B4B0 /* UserControl.swift */; };
		30A53B772BDFBAE200C32D95 /* AuthenticationService.swift in Sources */ = {isa = PBXBuildFile; fileRef = 30A53B762BDFBAE200C32D95 /* AuthenticationService.swift */; };
		30A53B7C2BDFBEBB00C32D95 /* FileUploadDtos.swift in Sources */ = {isa = PBXBuildFile; fileRef = 30A53B7B2BDFBEBB00C32D95 /* FileUploadDtos.swift */; };
		30A53B7E2BDFBF0000C32D95 /* NewUserDto.swift in Sources */ = {isa = PBXBuildFile; fileRef = 30A53B7D2BDFBF0000C32D95 /* NewUserDto.swift */; };
		30A53B802BDFBF2B00C32D95 /* TokensDto.swift in Sources */ = {isa = PBXBuildFile; fileRef = 30A53B7F2BDFBF2B00C32D95 /* TokensDto.swift */; };
		30A53B822BDFBF4B00C32D95 /* UserDetailsDto.swift in Sources */ = {isa = PBXBuildFile; fileRef = 30A53B812BDFBF4B00C32D95 /* UserDetailsDto.swift */; };
		30A53B842BDFBF6700C32D95 /* UserDto.swift in Sources */ = {isa = PBXBuildFile; fileRef = 30A53B832BDFBF6700C32D95 /* UserDto.swift */; };
		30A53B862BDFBF8D00C32D95 /* UserLoginDto.swift in Sources */ = {isa = PBXBuildFile; fileRef = 30A53B852BDFBF8D00C32D95 /* UserLoginDto.swift */; };
		30A53B882BDFC0C900C32D95 /* User.swift in Sources */ = {isa = PBXBuildFile; fileRef = 30A53B872BDFC0C900C32D95 /* User.swift */; };
		30A53B8A2BDFC0D500C32D95 /* UserDetails.swift in Sources */ = {isa = PBXBuildFile; fileRef = 30A53B892BDFC0D500C32D95 /* UserDetails.swift */; };
		30A53B8D2BDFD36000C32D95 /* Connection.swift in Sources */ = {isa = PBXBuildFile; fileRef = 30A53B8C2BDFD36000C32D95 /* Connection.swift */; };
		30A53B8F2BDFDCBB00C32D95 /* UserAuthAPI.swift in Sources */ = {isa = PBXBuildFile; fileRef = 30A53B8E2BDFDCBB00C32D95 /* UserAuthAPI.swift */; };
		30DC9CF92C0CD0E200A21354 /* UserViewModel.swift in Sources */ = {isa = PBXBuildFile; fileRef = 30DC9CF82C0CD0E200A21354 /* UserViewModel.swift */; };
		30DC9CFB2C0CD33A00A21354 /* SearchView.swift in Sources */ = {isa = PBXBuildFile; fileRef = 30DC9CFA2C0CD33A00A21354 /* SearchView.swift */; };
		30DC9CFD2C0CD44900A21354 /* UserIdentifiable.swift in Sources */ = {isa = PBXBuildFile; fileRef = 30DC9CFC2C0CD44900A21354 /* UserIdentifiable.swift */; };
		30EBB0FB2BAC6642009A9586 /* ExploreView.swift in Sources */ = {isa = PBXBuildFile; fileRef = 30EBB0FA2BAC6642009A9586 /* ExploreView.swift */; };
		30EBB0FD2BAC665E009A9586 /* UserCell.swift in Sources */ = {isa = PBXBuildFile; fileRef = 30EBB0FC2BAC665E009A9586 /* UserCell.swift */; };
		30EBB0FF2BAC6A61009A9586 /* NotificationsView.swift in Sources */ = {isa = PBXBuildFile; fileRef = 30EBB0FE2BAC6A61009A9586 /* NotificationsView.swift */; };
		30EBB1012BAC6A6D009A9586 /* NotificationCell.swift in Sources */ = {isa = PBXBuildFile; fileRef = 30EBB1002BAC6A6D009A9586 /* NotificationCell.swift */; };
		30EBB1032BAC6D33009A9586 /* CurrentUserProfileView.swift in Sources */ = {isa = PBXBuildFile; fileRef = 30EBB1022BAC6D33009A9586 /* CurrentUserProfileView.swift */; };
		30EBB1052BAC6DA2009A9586 /* ProfileHeaderView.swift in Sources */ = {isa = PBXBuildFile; fileRef = 30EBB1042BAC6DA2009A9586 /* ProfileHeaderView.swift */; };
		30EBB1072BAC6DB3009A9586 /* PostGridView.swift in Sources */ = {isa = PBXBuildFile; fileRef = 30EBB1062BAC6DB2009A9586 /* PostGridView.swift */; };
		30EBB10B2BAC7107009A9586 /* UserStatView.swift in Sources */ = {isa = PBXBuildFile; fileRef = 30EBB10A2BAC7107009A9586 /* UserStatView.swift */; };
		30F844052BAB6F2900F4D4CC /* FeedView.swift in Sources */ = {isa = PBXBuildFile; fileRef = 30F844042BAB6F2900F4D4CC /* FeedView.swift */; };
		5C26583B2C1213A000DC9749 /* UploadApi.swift in Sources */ = {isa = PBXBuildFile; fileRef = 5C26583A2C1213A000DC9749 /* UploadApi.swift */; };
		5C6ED0D12BE7EBAC00A2204F /* Api.swift in Sources */ = {isa = PBXBuildFile; fileRef = 5C6ED0D02BE7EBAC00A2204F /* Api.swift */; };
		5CD2BA652C0722D40031893D /* UploadRecipe.swift in Sources */ = {isa = PBXBuildFile; fileRef = 5CD2BA642C0722D40031893D /* UploadRecipe.swift */; };
		5CD2BA6B2C0732630031893D /* tap.swift in Sources */ = {isa = PBXBuildFile; fileRef = 5CD2BA6A2C0732630031893D /* tap.swift */; };
		5CD2BA6D2C07491C0031893D /* PopperCloseButton.swift in Sources */ = {isa = PBXBuildFile; fileRef = 5CD2BA6C2C07491C0031893D /* PopperCloseButton.swift */; };
		5CD2BA712C074F1B0031893D /* StepIndexSelected.swift in Sources */ = {isa = PBXBuildFile; fileRef = 5CD2BA702C074F1B0031893D /* StepIndexSelected.swift */; };
		5CD2BA732C0750050031893D /* StepIndexNonselected.swift in Sources */ = {isa = PBXBuildFile; fileRef = 5CD2BA722C0750050031893D /* StepIndexNonselected.swift */; };
		5CD2BA752C0751690031893D /* StepsFieldFocused.swift in Sources */ = {isa = PBXBuildFile; fileRef = 5CD2BA742C0751690031893D /* StepsFieldFocused.swift */; };
		5CD2BA772C075C9B0031893D /* UploadFile.swift in Sources */ = {isa = PBXBuildFile; fileRef = 5CD2BA762C075C9B0031893D /* UploadFile.swift */; };
/* End PBXBuildFile section */

/* Begin PBXFileReference section */
		301D8E482C0CA248001D3335 /* Comment.swift */ = {isa = PBXFileReference; lastKnownFileType = sourcecode.swift; name = Comment.swift; path = POPPER/Model/Comment.swift; sourceTree = SOURCE_ROOT; };
		301D8E4A2C0CA2B0001D3335 /* CommentSectionView.swift */ = {isa = PBXFileReference; lastKnownFileType = sourcecode.swift; name = CommentSectionView.swift; path = POPPER/Core/Feed/View/CommentSectionView.swift; sourceTree = SOURCE_ROOT; };
		302DDAD92BC866D70050AF2A /* PopperLoadingButton.swift */ = {isa = PBXFileReference; lastKnownFileType = sourcecode.swift; name = PopperLoadingButton.swift; path = POPPER/Core/Components/PopperLoadingButton.swift; sourceTree = SOURCE_ROOT; };
		3038E4072BAC9475004A9720 /* Post.swift */ = {isa = PBXFileReference; lastKnownFileType = sourcecode.swift; path = Post.swift; sourceTree = "<group>"; };
		3038E40C2BAC9558004A9720 /* FeedViewModel.swift */ = {isa = PBXFileReference; lastKnownFileType = sourcecode.swift; path = FeedViewModel.swift; sourceTree = "<group>"; };
		3038E40E2BAC9EC9004A9720 /* CustomVideoPlayer.swift */ = {isa = PBXFileReference; lastKnownFileType = sourcecode.swift; path = CustomVideoPlayer.swift; sourceTree = "<group>"; };
		303E81E62BBD9C6C00ABFE88 /* LoginView.swift */ = {isa = PBXFileReference; lastKnownFileType = sourcecode.swift; path = LoginView.swift; sourceTree = "<group>"; };
		303E81E82BBDA79100ABFE88 /* RegisterView.swift */ = {isa = PBXFileReference; lastKnownFileType = sourcecode.swift; path = RegisterView.swift; sourceTree = "<group>"; };
		304166042BAB67F300AC1081 /* POPPER.app */ = {isa = PBXFileReference; explicitFileType = wrapper.application; includeInIndex = 0; path = POPPER.app; sourceTree = BUILT_PRODUCTS_DIR; };
		304166072BAB67F300AC1081 /* PopperApp.swift */ = {isa = PBXFileReference; lastKnownFileType = sourcecode.swift; path = PopperApp.swift; sourceTree = "<group>"; };
		3041660B2BAB67F400AC1081 /* Assets.xcassets */ = {isa = PBXFileReference; lastKnownFileType = folder.assetcatalog; path = Assets.xcassets; sourceTree = "<group>"; };
		3041660E2BAB67F400AC1081 /* Preview Assets.xcassets */ = {isa = PBXFileReference; lastKnownFileType = folder.assetcatalog; path = "Preview Assets.xcassets"; sourceTree = "<group>"; };
		3041662B2BAB69D900AC1081 /* MainTabView.swift */ = {isa = PBXFileReference; lastKnownFileType = sourcecode.swift; path = MainTabView.swift; sourceTree = "<group>"; };
		3043B8EC2BAB716500F30A40 /* FeedCell.swift */ = {isa = PBXFileReference; lastKnownFileType = sourcecode.swift; path = FeedCell.swift; sourceTree = "<group>"; };
		3098F0992BBECD8F004D4D07 /* PopperInputField.swift */ = {isa = PBXFileReference; lastKnownFileType = sourcecode.swift; path = PopperInputField.swift; sourceTree = "<group>"; };
		3098F09B2BBECE6F004D4D07 /* PopperSecureField.swift */ = {isa = PBXFileReference; lastKnownFileType = sourcecode.swift; path = PopperSecureField.swift; sourceTree = "<group>"; };
		3098F09D2BBED206004D4D07 /* PopperButton.swift */ = {isa = PBXFileReference; lastKnownFileType = sourcecode.swift; path = PopperButton.swift; sourceTree = "<group>"; };
		309EC14F2C0747BD00B6B4B0 /* UserAPI.swift */ = {isa = PBXFileReference; lastKnownFileType = sourcecode.swift; name = UserAPI.swift; path = POPPER/API/UserAPI.swift; sourceTree = SOURCE_ROOT; };
		309EC1542C07604300B6B4B0 /* EditProfileView.swift */ = {isa = PBXFileReference; lastKnownFileType = sourcecode.swift; name = EditProfileView.swift; path = POPPER/Core/Profile/Components/EditProfileView.swift; sourceTree = SOURCE_ROOT; };
		309EC1562C07651100B6B4B0 /* UserControl.swift */ = {isa = PBXFileReference; lastKnownFileType = sourcecode.swift; name = UserControl.swift; path = POPPER/Core/Profile/Components/UserControl.swift; sourceTree = SOURCE_ROOT; };
		30A53B762BDFBAE200C32D95 /* AuthenticationService.swift */ = {isa = PBXFileReference; lastKnownFileType = sourcecode.swift; name = AuthenticationService.swift; path = POPPER/Core/Components/AuthenticationService.swift; sourceTree = SOURCE_ROOT; };
		30A53B7B2BDFBEBB00C32D95 /* FileUploadDtos.swift */ = {isa = PBXFileReference; lastKnownFileType = sourcecode.swift; name = FileUploadDtos.swift; path = POPPER/Dtos/FileUploadDtos.swift; sourceTree = SOURCE_ROOT; };
		30A53B7D2BDFBF0000C32D95 /* NewUserDto.swift */ = {isa = PBXFileReference; lastKnownFileType = sourcecode.swift; name = NewUserDto.swift; path = POPPER/Dtos/NewUserDto.swift; sourceTree = SOURCE_ROOT; };
		30A53B7F2BDFBF2B00C32D95 /* TokensDto.swift */ = {isa = PBXFileReference; lastKnownFileType = sourcecode.swift; name = TokensDto.swift; path = POPPER/Dtos/TokensDto.swift; sourceTree = SOURCE_ROOT; };
		30A53B812BDFBF4B00C32D95 /* UserDetailsDto.swift */ = {isa = PBXFileReference; lastKnownFileType = sourcecode.swift; name = UserDetailsDto.swift; path = POPPER/Dtos/UserDetailsDto.swift; sourceTree = SOURCE_ROOT; };
		30A53B832BDFBF6700C32D95 /* UserDto.swift */ = {isa = PBXFileReference; lastKnownFileType = sourcecode.swift; name = UserDto.swift; path = POPPER/Dtos/UserDto.swift; sourceTree = SOURCE_ROOT; };
		30A53B852BDFBF8D00C32D95 /* UserLoginDto.swift */ = {isa = PBXFileReference; lastKnownFileType = sourcecode.swift; name = UserLoginDto.swift; path = POPPER/Dtos/UserLoginDto.swift; sourceTree = SOURCE_ROOT; };
		30A53B872BDFC0C900C32D95 /* User.swift */ = {isa = PBXFileReference; lastKnownFileType = sourcecode.swift; name = User.swift; path = POPPER/Model/User.swift; sourceTree = SOURCE_ROOT; };
		30A53B892BDFC0D500C32D95 /* UserDetails.swift */ = {isa = PBXFileReference; lastKnownFileType = sourcecode.swift; name = UserDetails.swift; path = POPPER/Model/UserDetails.swift; sourceTree = SOURCE_ROOT; };
		30A53B8C2BDFD36000C32D95 /* Connection.swift */ = {isa = PBXFileReference; lastKnownFileType = sourcecode.swift; name = Connection.swift; path = Popper/API/ApiHelpers/Connection.swift; sourceTree = SOURCE_ROOT; };
		30A53B8E2BDFDCBB00C32D95 /* UserAuthAPI.swift */ = {isa = PBXFileReference; lastKnownFileType = sourcecode.swift; name = UserAuthAPI.swift; path = Popper/API/UserAuthAPI.swift; sourceTree = SOURCE_ROOT; };
		30DC9CF82C0CD0E200A21354 /* UserViewModel.swift */ = {isa = PBXFileReference; lastKnownFileType = sourcecode.swift; name = UserViewModel.swift; path = POPPER/Core/Feed/ViewModel/UserViewModel.swift; sourceTree = SOURCE_ROOT; };
		30DC9CFA2C0CD33A00A21354 /* SearchView.swift */ = {isa = PBXFileReference; lastKnownFileType = sourcecode.swift; name = SearchView.swift; path = POPPER/Core/Feed/View/SearchView.swift; sourceTree = SOURCE_ROOT; };
		30DC9CFC2C0CD44900A21354 /* UserIdentifiable.swift */ = {isa = PBXFileReference; lastKnownFileType = sourcecode.swift; name = UserIdentifiable.swift; path = POPPER/Model/UserIdentifiable.swift; sourceTree = SOURCE_ROOT; };
		30EBB0FA2BAC6642009A9586 /* ExploreView.swift */ = {isa = PBXFileReference; lastKnownFileType = sourcecode.swift; path = ExploreView.swift; sourceTree = "<group>"; };
		30EBB0FC2BAC665E009A9586 /* UserCell.swift */ = {isa = PBXFileReference; lastKnownFileType = sourcecode.swift; path = UserCell.swift; sourceTree = "<group>"; };
		30EBB0FE2BAC6A61009A9586 /* NotificationsView.swift */ = {isa = PBXFileReference; lastKnownFileType = sourcecode.swift; path = NotificationsView.swift; sourceTree = "<group>"; };
		30EBB1002BAC6A6D009A9586 /* NotificationCell.swift */ = {isa = PBXFileReference; lastKnownFileType = sourcecode.swift; path = NotificationCell.swift; sourceTree = "<group>"; };
		30EBB1022BAC6D33009A9586 /* CurrentUserProfileView.swift */ = {isa = PBXFileReference; lastKnownFileType = sourcecode.swift; path = CurrentUserProfileView.swift; sourceTree = "<group>"; };
		30EBB1042BAC6DA2009A9586 /* ProfileHeaderView.swift */ = {isa = PBXFileReference; lastKnownFileType = sourcecode.swift; path = ProfileHeaderView.swift; sourceTree = "<group>"; };
		30EBB1062BAC6DB2009A9586 /* PostGridView.swift */ = {isa = PBXFileReference; lastKnownFileType = sourcecode.swift; path = PostGridView.swift; sourceTree = "<group>"; };
		30EBB10A2BAC7107009A9586 /* UserStatView.swift */ = {isa = PBXFileReference; lastKnownFileType = sourcecode.swift; path = UserStatView.swift; sourceTree = "<group>"; };
		30F844042BAB6F2900F4D4CC /* FeedView.swift */ = {isa = PBXFileReference; lastKnownFileType = sourcecode.swift; path = FeedView.swift; sourceTree = "<group>"; };
		5C26583A2C1213A000DC9749 /* UploadApi.swift */ = {isa = PBXFileReference; lastKnownFileType = sourcecode.swift; name = UploadApi.swift; path = POPPER/API/UploadApi.swift; sourceTree = SOURCE_ROOT; };
		5C6ED0D02BE7EBAC00A2204F /* Api.swift */ = {isa = PBXFileReference; lastKnownFileType = sourcecode.swift; name = Api.swift; path = Popper/API/Api.swift; sourceTree = SOURCE_ROOT; };
		5CD2BA642C0722D40031893D /* UploadRecipe.swift */ = {isa = PBXFileReference; lastKnownFileType = sourcecode.swift; name = UploadRecipe.swift; path = POPPER/Core/UploadMedia/View/UploadRecipe.swift; sourceTree = SOURCE_ROOT; };
		5CD2BA6A2C0732630031893D /* tap.swift */ = {isa = PBXFileReference; lastKnownFileType = sourcecode.swift; name = tap.swift; path = POPPER/Core/UploadMedia/tap.swift; sourceTree = SOURCE_ROOT; };
		5CD2BA6C2C07491C0031893D /* PopperCloseButton.swift */ = {isa = PBXFileReference; lastKnownFileType = sourcecode.swift; name = PopperCloseButton.swift; path = POPPER/Core/Components/PopperCloseButton.swift; sourceTree = SOURCE_ROOT; };
		5CD2BA702C074F1B0031893D /* StepIndexSelected.swift */ = {isa = PBXFileReference; lastKnownFileType = sourcecode.swift; name = StepIndexSelected.swift; path = POPPER/Core/Components/StepIndexSelected.swift; sourceTree = SOURCE_ROOT; };
		5CD2BA722C0750050031893D /* StepIndexNonselected.swift */ = {isa = PBXFileReference; lastKnownFileType = sourcecode.swift; name = StepIndexNonselected.swift; path = POPPER/Core/Components/StepIndexNonselected.swift; sourceTree = SOURCE_ROOT; };
		5CD2BA742C0751690031893D /* StepsFieldFocused.swift */ = {isa = PBXFileReference; lastKnownFileType = sourcecode.swift; name = StepsFieldFocused.swift; path = POPPER/Core/Components/StepsFieldFocused.swift; sourceTree = SOURCE_ROOT; };
		5CD2BA762C075C9B0031893D /* UploadFile.swift */ = {isa = PBXFileReference; lastKnownFileType = sourcecode.swift; name = UploadFile.swift; path = POPPER/Core/Components/UploadFile.swift; sourceTree = SOURCE_ROOT; };
/* End PBXFileReference section */

/* Begin PBXFrameworksBuildPhase section */
		304166012BAB67F300AC1081 /* Frameworks */ = {
			isa = PBXFrameworksBuildPhase;
			buildActionMask = 2147483647;
			files = (
				302DDAD82BC866950050AF2A /* LoadingButton in Frameworks */,
			);
			runOnlyForDeploymentPostprocessing = 0;
		};
/* End PBXFrameworksBuildPhase section */

/* Begin PBXGroup section */
		3038E4092BAC94FB004A9720 /* Service */ = {
			isa = PBXGroup;
			children = (
			);
			path = Service;
			sourceTree = "<group>";
		};
		3038E40A2BAC9502004A9720 /* View */ = {
			isa = PBXGroup;
			children = (
				30F844042BAB6F2900F4D4CC /* FeedView.swift */,
				3043B8EC2BAB716500F30A40 /* FeedCell.swift */,
				301D8E4A2C0CA2B0001D3335 /* CommentSectionView.swift */,
				30DC9CFA2C0CD33A00A21354 /* SearchView.swift */,
			);
			path = View;
			sourceTree = "<group>";
		};
		3038E40B2BAC950C004A9720 /* ViewModel */ = {
			isa = PBXGroup;
			children = (
				3038E40C2BAC9558004A9720 /* FeedViewModel.swift */,
				30DC9CF82C0CD0E200A21354 /* UserViewModel.swift */,
			);
			path = ViewModel;
			sourceTree = "<group>";
		};
		304165FB2BAB67F300AC1081 = {
			isa = PBXGroup;
			children = (
				304166062BAB67F300AC1081 /* Popper */,
				304166052BAB67F300AC1081 /* Products */,
			);
			sourceTree = "<group>";
		};
		304166052BAB67F300AC1081 /* Products */ = {
			isa = PBXGroup;
			children = (
				304166042BAB67F300AC1081 /* POPPER.app */,
			);
			name = Products;
			sourceTree = "<group>";
		};
		304166062BAB67F300AC1081 /* Popper */ = {
			isa = PBXGroup;
			children = (
				30A53B8B2BDFD28500C32D95 /* API */,
				30A53B7A2BDFBE6400C32D95 /* Dtos */,
				304166202BAB693700AC1081 /* Utils */,
				3041661F2BAB693100AC1081 /* Services */,
				3041661E2BAB691700AC1081 /* Model */,
				3041661D2BAB691000AC1081 /* Extensions */,
				3041661C2BAB690200AC1081 /* Core */,
				3041661A2BAB683F00AC1081 /* App */,
				3041660B2BAB67F400AC1081 /* Assets.xcassets */,
				3041660D2BAB67F400AC1081 /* Preview Content */,
			);
			path = Popper;
			sourceTree = "<group>";
		};
		3041660D2BAB67F400AC1081 /* Preview Content */ = {
			isa = PBXGroup;
			children = (
				3041660E2BAB67F400AC1081 /* Preview Assets.xcassets */,
			);
			path = "Preview Content";
			sourceTree = "<group>";
		};
		3041661A2BAB683F00AC1081 /* App */ = {
			isa = PBXGroup;
			children = (
				304166072BAB67F300AC1081 /* PopperApp.swift */,
			);
			path = App;
			sourceTree = "<group>";
		};
		3041661C2BAB690200AC1081 /* Core */ = {
			isa = PBXGroup;
			children = (
				3041662A2BAB699D00AC1081 /* UploadMedia */,
				304166292BAB699500AC1081 /* TabBar */,
				304166282BAB698F00AC1081 /* Search */,
				304166272BAB698700AC1081 /* Root */,
				304166262BAB698200AC1081 /* Profile */,
				304166252BAB697D00AC1081 /* Notifications */,
				304166242BAB697700AC1081 /* Feed */,
				304166232BAB697100AC1081 /* Components */,
				304166222BAB696A00AC1081 /* Comments */,
				304166212BAB694200AC1081 /* Auth */,
			);
			path = Core;
			sourceTree = "<group>";
		};
		3041661D2BAB691000AC1081 /* Extensions */ = {
			isa = PBXGroup;
			children = (
				309EC1562C07651100B6B4B0 /* UserControl.swift */,
			);
			path = Extensions;
			sourceTree = "<group>";
		};
		3041661E2BAB691700AC1081 /* Model */ = {
			isa = PBXGroup;
			children = (
				3038E4072BAC9475004A9720 /* Post.swift */,
				30A53B872BDFC0C900C32D95 /* User.swift */,
				30A53B892BDFC0D500C32D95 /* UserDetails.swift */,
				301D8E482C0CA248001D3335 /* Comment.swift */,
				30DC9CFC2C0CD44900A21354 /* UserIdentifiable.swift */,
			);
			path = Model;
			sourceTree = "<group>";
		};
		3041661F2BAB693100AC1081 /* Services */ = {
			isa = PBXGroup;
			children = (
				30A53B762BDFBAE200C32D95 /* AuthenticationService.swift */,
			);
			path = Services;
			sourceTree = "<group>";
		};
		304166202BAB693700AC1081 /* Utils */ = {
			isa = PBXGroup;
			children = (
			);
			path = Utils;
			sourceTree = "<group>";
		};
		304166212BAB694200AC1081 /* Auth */ = {
			isa = PBXGroup;
			children = (
				303E81E62BBD9C6C00ABFE88 /* LoginView.swift */,
				303E81E82BBDA79100ABFE88 /* RegisterView.swift */,
			);
			path = Auth;
			sourceTree = "<group>";
		};
		304166222BAB696A00AC1081 /* Comments */ = {
			isa = PBXGroup;
			children = (
			);
			path = Comments;
			sourceTree = "<group>";
		};
		304166232BAB697100AC1081 /* Components */ = {
			isa = PBXGroup;
			children = (
				3038E40E2BAC9EC9004A9720 /* CustomVideoPlayer.swift */,
				3098F09D2BBED206004D4D07 /* PopperButton.swift */,
				302DDAD92BC866D70050AF2A /* PopperLoadingButton.swift */,
				3098F0992BBECD8F004D4D07 /* PopperInputField.swift */,
				3098F09B2BBECE6F004D4D07 /* PopperSecureField.swift */,
				5CD2BA6C2C07491C0031893D /* PopperCloseButton.swift */,
			);
			path = Components;
			sourceTree = "<group>";
		};
		304166242BAB697700AC1081 /* Feed */ = {
			isa = PBXGroup;
			children = (
				3038E40B2BAC950C004A9720 /* ViewModel */,
				3038E40A2BAC9502004A9720 /* View */,
				3038E4092BAC94FB004A9720 /* Service */,
			);
			path = Feed;
			sourceTree = "<group>";
		};
		304166252BAB697D00AC1081 /* Notifications */ = {
			isa = PBXGroup;
			children = (
				30EBB0FE2BAC6A61009A9586 /* NotificationsView.swift */,
				30EBB1002BAC6A6D009A9586 /* NotificationCell.swift */,
			);
			path = Notifications;
			sourceTree = "<group>";
		};
		304166262BAB698200AC1081 /* Profile */ = {
			isa = PBXGroup;
			children = (
				30EBB1082BAC70BD009A9586 /* Components */,
				30EBB1092BAC70C8009A9586 /* View */,
				30EBB1022BAC6D33009A9586 /* CurrentUserProfileView.swift */,
			);
			path = Profile;
			sourceTree = "<group>";
		};
		304166272BAB698700AC1081 /* Root */ = {
			isa = PBXGroup;
			children = (
			);
			path = Root;
			sourceTree = "<group>";
		};
		304166282BAB698F00AC1081 /* Search */ = {
			isa = PBXGroup;
			children = (
				30EBB0FA2BAC6642009A9586 /* ExploreView.swift */,
				30EBB0FC2BAC665E009A9586 /* UserCell.swift */,
			);
			path = Search;
			sourceTree = "<group>";
		};
		304166292BAB699500AC1081 /* TabBar */ = {
			isa = PBXGroup;
			children = (
				3041662B2BAB69D900AC1081 /* MainTabView.swift */,
			);
			path = TabBar;
			sourceTree = "<group>";
		};
		3041662A2BAB699D00AC1081 /* UploadMedia */ = {
			isa = PBXGroup;
			children = (
				5CD2BA632C0722AE0031893D /* View */,
				5CD2BA622C0722650031893D /* UploadComponents */,
				5CD2BA6A2C0732630031893D /* tap.swift */,
			);
			path = UploadMedia;
			sourceTree = "<group>";
		};
		30A53B7A2BDFBE6400C32D95 /* Dtos */ = {
			isa = PBXGroup;
			children = (
				30A53B7B2BDFBEBB00C32D95 /* FileUploadDtos.swift */,
				30A53B7D2BDFBF0000C32D95 /* NewUserDto.swift */,
				30A53B7F2BDFBF2B00C32D95 /* TokensDto.swift */,
				30A53B812BDFBF4B00C32D95 /* UserDetailsDto.swift */,
				30A53B832BDFBF6700C32D95 /* UserDto.swift */,
				30A53B852BDFBF8D00C32D95 /* UserLoginDto.swift */,
			);
			path = Dtos;
			sourceTree = "<group>";
		};
		30A53B8B2BDFD28500C32D95 /* API */ = {
			isa = PBXGroup;
			children = (
				5CDFCD712BF2725C00AC6250 /* ApiHelpers */,
				5C6ED0D02BE7EBAC00A2204F /* Api.swift */,
				30A53B8E2BDFDCBB00C32D95 /* UserAuthAPI.swift */,
				309EC14F2C0747BD00B6B4B0 /* UserAPI.swift */,
				5C26583A2C1213A000DC9749 /* UploadApi.swift */,
			);
			path = API;
			sourceTree = "<group>";
		};
		30EBB1082BAC70BD009A9586 /* Components */ = {
			isa = PBXGroup;
			children = (
				30EBB1042BAC6DA2009A9586 /* ProfileHeaderView.swift */,
				30EBB1062BAC6DB2009A9586 /* PostGridView.swift */,
				30EBB10A2BAC7107009A9586 /* UserStatView.swift */,
				309EC1542C07604300B6B4B0 /* EditProfileView.swift */,
			);
			path = Components;
			sourceTree = "<group>";
		};
		30EBB1092BAC70C8009A9586 /* View */ = {
			isa = PBXGroup;
			children = (
			);
			path = View;
			sourceTree = "<group>";
		};
		5CD2BA622C0722650031893D /* UploadComponents */ = {
			isa = PBXGroup;
			children = (
				5CD2BA702C074F1B0031893D /* StepIndexSelected.swift */,
				5CD2BA722C0750050031893D /* StepIndexNonselected.swift */,
				5CD2BA742C0751690031893D /* StepsFieldFocused.swift */,
				5CD2BA762C075C9B0031893D /* UploadFile.swift */,
			);
			name = UploadComponents;
			path = Popper/Core/UploadMedia/UploadComponents;
			sourceTree = "<group>";
		};
		5CD2BA632C0722AE0031893D /* View */ = {
			isa = PBXGroup;
			children = (
				5CD2BA642C0722D40031893D /* UploadRecipe.swift */,
			);
			path = View;
			sourceTree = "<group>";
		};
		5CDFCD712BF2725C00AC6250 /* ApiHelpers */ = {
			isa = PBXGroup;
			children = (
				30A53B8C2BDFD36000C32D95 /* Connection.swift */,
			);
			path = ApiHelpers;
			sourceTree = "<group>";
		};
/* End PBXGroup section */

/* Begin PBXNativeTarget section */
		304166032BAB67F300AC1081 /* POPPER */ = {
			isa = PBXNativeTarget;
			buildConfigurationList = 304166122BAB67F400AC1081 /* Build configuration list for PBXNativeTarget "POPPER" */;
			buildPhases = (
				304166002BAB67F300AC1081 /* Sources */,
				304166012BAB67F300AC1081 /* Frameworks */,
				304166022BAB67F300AC1081 /* Resources */,
			);
			buildRules = (
			);
			dependencies = (
			);
			name = POPPER;
			packageProductDependencies = (
				302DDAD72BC866950050AF2A /* LoadingButton */,
			);
			productName = Popper;
			productReference = 304166042BAB67F300AC1081 /* POPPER.app */;
			productType = "com.apple.product-type.application";
		};
/* End PBXNativeTarget section */

/* Begin PBXProject section */
		304165FC2BAB67F300AC1081 /* Project object */ = {
			isa = PBXProject;
			attributes = {
				BuildIndependentTargetsInParallel = 1;
				LastSwiftUpdateCheck = 1530;
				LastUpgradeCheck = 1530;
				TargetAttributes = {
					304166032BAB67F300AC1081 = {
						CreatedOnToolsVersion = 15.3;
					};
				};
			};
			buildConfigurationList = 304165FF2BAB67F300AC1081 /* Build configuration list for PBXProject "POPPER" */;
			compatibilityVersion = "Xcode 14.0";
			developmentRegion = en;
			hasScannedForEncodings = 0;
			knownRegions = (
				en,
				Base,
			);
			mainGroup = 304165FB2BAB67F300AC1081;
			packageReferences = (
				302DDAD62BC866940050AF2A /* XCRemoteSwiftPackageReference "LoadingButton" */,
			);
			productRefGroup = 304166052BAB67F300AC1081 /* Products */;
			projectDirPath = "";
			projectRoot = "";
			targets = (
				304166032BAB67F300AC1081 /* POPPER */,
			);
		};
/* End PBXProject section */

/* Begin PBXResourcesBuildPhase section */
		304166022BAB67F300AC1081 /* Resources */ = {
			isa = PBXResourcesBuildPhase;
			buildActionMask = 2147483647;
			files = (
				3041660F2BAB67F400AC1081 /* Preview Assets.xcassets in Resources */,
				3041660C2BAB67F400AC1081 /* Assets.xcassets in Resources */,
			);
			runOnlyForDeploymentPostprocessing = 0;
		};
/* End PBXResourcesBuildPhase section */

/* Begin PBXSourcesBuildPhase section */
		304166002BAB67F300AC1081 /* Sources */ = {
			isa = PBXSourcesBuildPhase;
			buildActionMask = 2147483647;
			files = (
				309EC1552C07604300B6B4B0 /* EditProfileView.swift in Sources */,
				30F844052BAB6F2900F4D4CC /* FeedView.swift in Sources */,
				3038E40F2BAC9EC9004A9720 /* CustomVideoPlayer.swift in Sources */,
				30DC9CFD2C0CD44900A21354 /* UserIdentifiable.swift in Sources */,
				30EBB1012BAC6A6D009A9586 /* NotificationCell.swift in Sources */,
				30A53B7E2BDFBF0000C32D95 /* NewUserDto.swift in Sources */,
				30A53B8D2BDFD36000C32D95 /* Connection.swift in Sources */,
				30EBB1052BAC6DA2009A9586 /* ProfileHeaderView.swift in Sources */,
				5CD2BA772C075C9B0031893D /* UploadFile.swift in Sources */,
				5CD2BA6D2C07491C0031893D /* PopperCloseButton.swift in Sources */,
				30EBB10B2BAC7107009A9586 /* UserStatView.swift in Sources */,
				3043B8ED2BAB716500F30A40 /* FeedCell.swift in Sources */,
				30A53B822BDFBF4B00C32D95 /* UserDetailsDto.swift in Sources */,
				30A53B882BDFC0C900C32D95 /* User.swift in Sources */,
				301D8E492C0CA248001D3335 /* Comment.swift in Sources */,
				3038E40D2BAC9558004A9720 /* FeedViewModel.swift in Sources */,
				3098F09C2BBECE6F004D4D07 /* PopperSecureField.swift in Sources */,
				5CD2BA732C0750050031893D /* StepIndexNonselected.swift in Sources */,
				3038E4082BAC9475004A9720 /* Post.swift in Sources */,
				301D8E4B2C0CA2B0001D3335 /* CommentSectionView.swift in Sources */,
				303E81E92BBDA79100ABFE88 /* RegisterView.swift in Sources */,
				5C26583B2C1213A000DC9749 /* UploadApi.swift in Sources */,
				30A53B862BDFBF8D00C32D95 /* UserLoginDto.swift in Sources */,
				30A53B8F2BDFDCBB00C32D95 /* UserAuthAPI.swift in Sources */,
				5CD2BA752C0751690031893D /* StepsFieldFocused.swift in Sources */,
				304166082BAB67F300AC1081 /* PopperApp.swift in Sources */,
				302DDADA2BC866D70050AF2A /* PopperLoadingButton.swift in Sources */,
				30DC9CFB2C0CD33A00A21354 /* SearchView.swift in Sources */,
				5CD2BA712C074F1B0031893D /* StepIndexSelected.swift in Sources */,
				30EBB0FB2BAC6642009A9586 /* ExploreView.swift in Sources */,
				3098F09A2BBECD8F004D4D07 /* PopperInputField.swift in Sources */,
				5CD2BA652C0722D40031893D /* UploadRecipe.swift in Sources */,
				3041662C2BAB69D900AC1081 /* MainTabView.swift in Sources */,
				309EC1502C0747BD00B6B4B0 /* UserAPI.swift in Sources */,
				30A53B772BDFBAE200C32D95 /* AuthenticationService.swift in Sources */,
				30EBB1072BAC6DB3009A9586 /* PostGridView.swift in Sources */,
				5CD2BA6B2C0732630031893D /* tap.swift in Sources */,
				30EBB1032BAC6D33009A9586 /* CurrentUserProfileView.swift in Sources */,
				30A53B842BDFBF6700C32D95 /* UserDto.swift in Sources */,
				30DC9CF92C0CD0E200A21354 /* UserViewModel.swift in Sources */,
				30A53B802BDFBF2B00C32D95 /* TokensDto.swift in Sources */,
				30EBB0FD2BAC665E009A9586 /* UserCell.swift in Sources */,
				5C6ED0D12BE7EBAC00A2204F /* Api.swift in Sources */,
				303E81E72BBD9C6C00ABFE88 /* LoginView.swift in Sources */,
				30EBB0FF2BAC6A61009A9586 /* NotificationsView.swift in Sources */,
				309EC1572C07651100B6B4B0 /* UserControl.swift in Sources */,
				3098F09E2BBED206004D4D07 /* PopperButton.swift in Sources */,
				30A53B7C2BDFBEBB00C32D95 /* FileUploadDtos.swift in Sources */,
				30A53B8A2BDFC0D500C32D95 /* UserDetails.swift in Sources */,
			);
			runOnlyForDeploymentPostprocessing = 0;
		};
/* End PBXSourcesBuildPhase section */

/* Begin XCBuildConfiguration section */
		304166102BAB67F400AC1081 /* Debug */ = {
			isa = XCBuildConfiguration;
			buildSettings = {
				ALWAYS_SEARCH_USER_PATHS = NO;
				ASSETCATALOG_COMPILER_GENERATE_SWIFT_ASSET_SYMBOL_EXTENSIONS = YES;
				CLANG_ANALYZER_NONNULL = YES;
				CLANG_ANALYZER_NUMBER_OBJECT_CONVERSION = YES_AGGRESSIVE;
				CLANG_CXX_LANGUAGE_STANDARD = "gnu++20";
				CLANG_ENABLE_MODULES = YES;
				CLANG_ENABLE_OBJC_ARC = YES;
				CLANG_ENABLE_OBJC_WEAK = YES;
				CLANG_WARN_BLOCK_CAPTURE_AUTORELEASING = YES;
				CLANG_WARN_BOOL_CONVERSION = YES;
				CLANG_WARN_COMMA = YES;
				CLANG_WARN_CONSTANT_CONVERSION = YES;
				CLANG_WARN_DEPRECATED_OBJC_IMPLEMENTATIONS = YES;
				CLANG_WARN_DIRECT_OBJC_ISA_USAGE = YES_ERROR;
				CLANG_WARN_DOCUMENTATION_COMMENTS = YES;
				CLANG_WARN_EMPTY_BODY = YES;
				CLANG_WARN_ENUM_CONVERSION = YES;
				CLANG_WARN_INFINITE_RECURSION = YES;
				CLANG_WARN_INT_CONVERSION = YES;
				CLANG_WARN_NON_LITERAL_NULL_CONVERSION = YES;
				CLANG_WARN_OBJC_IMPLICIT_RETAIN_SELF = YES;
				CLANG_WARN_OBJC_LITERAL_CONVERSION = YES;
				CLANG_WARN_OBJC_ROOT_CLASS = YES_ERROR;
				CLANG_WARN_QUOTED_INCLUDE_IN_FRAMEWORK_HEADER = YES;
				CLANG_WARN_RANGE_LOOP_ANALYSIS = YES;
				CLANG_WARN_STRICT_PROTOTYPES = YES;
				CLANG_WARN_SUSPICIOUS_MOVE = YES;
				CLANG_WARN_UNGUARDED_AVAILABILITY = YES_AGGRESSIVE;
				CLANG_WARN_UNREACHABLE_CODE = YES;
				CLANG_WARN__DUPLICATE_METHOD_MATCH = YES;
				COPY_PHASE_STRIP = NO;
				DEBUG_INFORMATION_FORMAT = dwarf;
				ENABLE_APP_SANDBOX = YES;
				ENABLE_STRICT_OBJC_MSGSEND = YES;
				ENABLE_TESTABILITY = YES;
				ENABLE_USER_SCRIPT_SANDBOXING = YES;
				GCC_C_LANGUAGE_STANDARD = gnu17;
				GCC_DYNAMIC_NO_PIC = NO;
				GCC_NO_COMMON_BLOCKS = YES;
				GCC_OPTIMIZATION_LEVEL = 0;
				GCC_PREPROCESSOR_DEFINITIONS = (
					"DEBUG=1",
					"$(inherited)",
				);
				GCC_WARN_64_TO_32_BIT_CONVERSION = YES;
				GCC_WARN_ABOUT_RETURN_TYPE = YES_ERROR;
				GCC_WARN_UNDECLARED_SELECTOR = YES;
				GCC_WARN_UNINITIALIZED_AUTOS = YES_AGGRESSIVE;
				GCC_WARN_UNUSED_FUNCTION = YES;
				GCC_WARN_UNUSED_VARIABLE = YES;
				IPHONEOS_DEPLOYMENT_TARGET = 17.4;
				LOCALIZATION_PREFERS_STRING_CATALOGS = YES;
				MTL_ENABLE_DEBUG_INFO = INCLUDE_SOURCE;
				MTL_FAST_MATH = YES;
				ONLY_ACTIVE_ARCH = YES;
				SDKROOT = iphoneos;
				SWIFT_ACTIVE_COMPILATION_CONDITIONS = "DEBUG $(inherited)";
				SWIFT_OPTIMIZATION_LEVEL = "-Onone";
			};
			name = Debug;
		};
		304166112BAB67F400AC1081 /* Release */ = {
			isa = XCBuildConfiguration;
			buildSettings = {
				ALWAYS_SEARCH_USER_PATHS = NO;
				ASSETCATALOG_COMPILER_GENERATE_SWIFT_ASSET_SYMBOL_EXTENSIONS = YES;
				CLANG_ANALYZER_NONNULL = YES;
				CLANG_ANALYZER_NUMBER_OBJECT_CONVERSION = YES_AGGRESSIVE;
				CLANG_CXX_LANGUAGE_STANDARD = "gnu++20";
				CLANG_ENABLE_MODULES = YES;
				CLANG_ENABLE_OBJC_ARC = YES;
				CLANG_ENABLE_OBJC_WEAK = YES;
				CLANG_WARN_BLOCK_CAPTURE_AUTORELEASING = YES;
				CLANG_WARN_BOOL_CONVERSION = YES;
				CLANG_WARN_COMMA = YES;
				CLANG_WARN_CONSTANT_CONVERSION = YES;
				CLANG_WARN_DEPRECATED_OBJC_IMPLEMENTATIONS = YES;
				CLANG_WARN_DIRECT_OBJC_ISA_USAGE = YES_ERROR;
				CLANG_WARN_DOCUMENTATION_COMMENTS = YES;
				CLANG_WARN_EMPTY_BODY = YES;
				CLANG_WARN_ENUM_CONVERSION = YES;
				CLANG_WARN_INFINITE_RECURSION = YES;
				CLANG_WARN_INT_CONVERSION = YES;
				CLANG_WARN_NON_LITERAL_NULL_CONVERSION = YES;
				CLANG_WARN_OBJC_IMPLICIT_RETAIN_SELF = YES;
				CLANG_WARN_OBJC_LITERAL_CONVERSION = YES;
				CLANG_WARN_OBJC_ROOT_CLASS = YES_ERROR;
				CLANG_WARN_QUOTED_INCLUDE_IN_FRAMEWORK_HEADER = YES;
				CLANG_WARN_RANGE_LOOP_ANALYSIS = YES;
				CLANG_WARN_STRICT_PROTOTYPES = YES;
				CLANG_WARN_SUSPICIOUS_MOVE = YES;
				CLANG_WARN_UNGUARDED_AVAILABILITY = YES_AGGRESSIVE;
				CLANG_WARN_UNREACHABLE_CODE = YES;
				CLANG_WARN__DUPLICATE_METHOD_MATCH = YES;
				COPY_PHASE_STRIP = NO;
				DEBUG_INFORMATION_FORMAT = "dwarf-with-dsym";
				ENABLE_APP_SANDBOX = YES;
				ENABLE_NS_ASSERTIONS = NO;
				ENABLE_STRICT_OBJC_MSGSEND = YES;
				ENABLE_USER_SCRIPT_SANDBOXING = YES;
				GCC_C_LANGUAGE_STANDARD = gnu17;
				GCC_NO_COMMON_BLOCKS = YES;
				GCC_WARN_64_TO_32_BIT_CONVERSION = YES;
				GCC_WARN_ABOUT_RETURN_TYPE = YES_ERROR;
				GCC_WARN_UNDECLARED_SELECTOR = YES;
				GCC_WARN_UNINITIALIZED_AUTOS = YES_AGGRESSIVE;
				GCC_WARN_UNUSED_FUNCTION = YES;
				GCC_WARN_UNUSED_VARIABLE = YES;
				IPHONEOS_DEPLOYMENT_TARGET = 17.4;
				LOCALIZATION_PREFERS_STRING_CATALOGS = YES;
				MTL_ENABLE_DEBUG_INFO = NO;
				MTL_FAST_MATH = YES;
				SDKROOT = iphoneos;
				SWIFT_COMPILATION_MODE = wholemodule;
				VALIDATE_PRODUCT = YES;
			};
			name = Release;
		};
		304166132BAB67F400AC1081 /* Debug */ = {
			isa = XCBuildConfiguration;
			buildSettings = {
				ASSETCATALOG_COMPILER_APPICON_NAME = AppIcon;
				ASSETCATALOG_COMPILER_GLOBAL_ACCENT_COLOR_NAME = AccentColor;
				CODE_SIGN_IDENTITY = "Apple Development";
				CODE_SIGN_STYLE = Automatic;
				CURRENT_PROJECT_VERSION = 1;
				DEVELOPMENT_ASSET_PATHS = "\"Popper/Preview Content\"";
				DEVELOPMENT_TEAM = "";
				ENABLE_PREVIEWS = YES;
				GENERATE_INFOPLIST_FILE = YES;
				INFOPLIST_FILE = POPPER/Info.plist;
				INFOPLIST_KEY_UIApplicationSceneManifest_Generation = YES;
				INFOPLIST_KEY_UIApplicationSupportsIndirectInputEvents = YES;
				INFOPLIST_KEY_UILaunchScreen_Generation = YES;
				INFOPLIST_KEY_UISupportedInterfaceOrientations_iPad = "UIInterfaceOrientationPortrait UIInterfaceOrientationPortraitUpsideDown UIInterfaceOrientationLandscapeLeft UIInterfaceOrientationLandscapeRight";
				INFOPLIST_KEY_UISupportedInterfaceOrientations_iPhone = "UIInterfaceOrientationPortrait UIInterfaceOrientationLandscapeLeft UIInterfaceOrientationLandscapeRight";
				LD_RUNPATH_SEARCH_PATHS = (
					"$(inherited)",
					"@executable_path/Frameworks",
				);
				MARKETING_VERSION = 1.0;
				PRODUCT_BUNDLE_IDENTIFIER = hr.algebra.Popper;
				PRODUCT_NAME = "$(TARGET_NAME)";
				PROVISIONING_PROFILE_SPECIFIER = "";
				SWIFT_EMIT_LOC_STRINGS = YES;
				SWIFT_VERSION = 5.0;
				TARGETED_DEVICE_FAMILY = "1,2";
			};
			name = Debug;
		};
		304166142BAB67F400AC1081 /* Release */ = {
			isa = XCBuildConfiguration;
			buildSettings = {
				ASSETCATALOG_COMPILER_APPICON_NAME = AppIcon;
				ASSETCATALOG_COMPILER_GLOBAL_ACCENT_COLOR_NAME = AccentColor;
				CODE_SIGN_STYLE = Manual;
				CURRENT_PROJECT_VERSION = 1;
				DEVELOPMENT_ASSET_PATHS = "\"Popper/Preview Content\"";
				DEVELOPMENT_TEAM = "";
				ENABLE_PREVIEWS = YES;
				GENERATE_INFOPLIST_FILE = YES;
				INFOPLIST_FILE = POPPER/Info.plist;
				INFOPLIST_KEY_UIApplicationSceneManifest_Generation = YES;
				INFOPLIST_KEY_UIApplicationSupportsIndirectInputEvents = YES;
				INFOPLIST_KEY_UILaunchScreen_Generation = YES;
				INFOPLIST_KEY_UISupportedInterfaceOrientations_iPad = "UIInterfaceOrientationPortrait UIInterfaceOrientationPortraitUpsideDown UIInterfaceOrientationLandscapeLeft UIInterfaceOrientationLandscapeRight";
				INFOPLIST_KEY_UISupportedInterfaceOrientations_iPhone = "UIInterfaceOrientationPortrait UIInterfaceOrientationLandscapeLeft UIInterfaceOrientationLandscapeRight";
				LD_RUNPATH_SEARCH_PATHS = (
					"$(inherited)",
					"@executable_path/Frameworks",
				);
				MARKETING_VERSION = 1.0;
				PRODUCT_BUNDLE_IDENTIFIER = hr.algebra.Popper;
				PRODUCT_NAME = "$(TARGET_NAME)";
				PROVISIONING_PROFILE_SPECIFIER = "";
				SWIFT_EMIT_LOC_STRINGS = YES;
				SWIFT_VERSION = 5.0;
				TARGETED_DEVICE_FAMILY = "1,2";
			};
			name = Release;
		};
/* End XCBuildConfiguration section */

/* Begin XCConfigurationList section */
		304165FF2BAB67F300AC1081 /* Build configuration list for PBXProject "POPPER" */ = {
			isa = XCConfigurationList;
			buildConfigurations = (
				304166102BAB67F400AC1081 /* Debug */,
				304166112BAB67F400AC1081 /* Release */,
			);
			defaultConfigurationIsVisible = 0;
			defaultConfigurationName = Release;
		};
		304166122BAB67F400AC1081 /* Build configuration list for PBXNativeTarget "POPPER" */ = {
			isa = XCConfigurationList;
			buildConfigurations = (
				304166132BAB67F400AC1081 /* Debug */,
				304166142BAB67F400AC1081 /* Release */,
			);
			defaultConfigurationIsVisible = 0;
			defaultConfigurationName = Release;
		};
/* End XCConfigurationList section */

/* Begin XCRemoteSwiftPackageReference section */
		302DDAD62BC866940050AF2A /* XCRemoteSwiftPackageReference "LoadingButton" */ = {
			isa = XCRemoteSwiftPackageReference;
			repositoryURL = "https://github.com/Changemin/LoadingButton";
			requirement = {
				kind = upToNextMajorVersion;
				minimumVersion = 1.1.2;
			};
		};
/* End XCRemoteSwiftPackageReference section */

/* Begin XCSwiftPackageProductDependency section */
		302DDAD72BC866950050AF2A /* LoadingButton */ = {
			isa = XCSwiftPackageProductDependency;
			package = 302DDAD62BC866940050AF2A /* XCRemoteSwiftPackageReference "LoadingButton" */;
			productName = LoadingButton;
		};
/* End XCSwiftPackageProductDependency section */
	};
	rootObject = 304165FC2BAB67F300AC1081 /* Project object */;
}
